{
  "name": "45 Assignment",
  "lockfileVersion": 3,
  "requires": true,
  "packages": {
    "": {
      "dependencies": {
        "title-case": "^4.3.1"
      }
    },
    "node_modules/title-case": {
      "version": "4.3.1",
      "resolved": "https://registry.npmjs.org/title-case/-/title-case-4.3.1.tgz",
      "integrity": "sha512-VnPxQ+/j0X2FZ4ceGq1oLruTLjtN5Ul4sam5ypd4mDZLm1eHwkwip1gLxqhON/j4qyTlUlfPKslE/t4NPSlxhg=="
    }
  }
}
